uuid: c2c63600-9859-4628-9112-7b03f95488c0
langcode: en
status: true
dependencies:
  module:
    - block_visibility_groups
    - bn_general
  theme:
    - behave
id: trendmdjournalsblock
theme: behave
region: content
weight: -5
provider: null
plugin: trendmd_journals_block
settings:
  id: trendmd_journals_block
  label: 'Trend MD Journals block'
  provider: bn_general
  label_display: '0'
visibility:
  condition_group:
    id: condition_group
    negate: false
    block_visibility_group: ''
    context_mapping: {  }
