langcode: en
_core:
  default_config_hash: 2lo0hIx3RV2AgnE1fkdPLRQcYWGamMyouBoe2OiYk24
id: search_block
uuid: 3e081a8c-68b3-40a0-9658-4f45b6ec2ab3
label: 'Search Block'
selector: ''
status: false
minChar: 3
autoSubmit: true
autoRedirect: true
maxSuggestions: 10
noResultLabel: 'No results found for [search-phrase]. Click to perform full search.'
noResultValue: '[search-phrase]'
noResultLink: ''
moreResultsLabel: 'View all results for [search-phrase].'
moreResultsValue: '[search-phrase]'
moreResultsLink: ''
source: 'autocompletion_callbacks_nodes::nodes_autocompletion_callback'
theme: basic-blue.css
editable: true
deletable: false
